
Microsoft Visual Studio Solution File, Format Version 12.00
Project("{FAE04EC0-301F-11D3-BF4B-00C04F79EFBC}") = "DistributedLocking", "DistributedLocking\DistributedLocking.csproj", "{1BE38475-AE96-453D-B9EB-3C0CECCA05E5}"
EndProject
Project("{FAE04EC0-301F-11D3-BF4B-00C04F79EFBC}") = "DistributedLocking.UnitTests", "Tests\DistributedLocking.UnitTests\DistributedLocking.UnitTests.csproj", "{AD99ECA2-FC27-4205-A0A6-B6BD17EDFDBC}"
EndProject
Project("{FAE04EC0-301F-11D3-BF4B-00C04F79EFBC}") = "TestHelpers", "Tests\TestHelpers\TestHelpers.csproj", "{0B8FFBA6-0703-4BF2-9297-BEFA57758FF4}"
EndProject
Project("{FAE04EC0-301F-11D3-BF4B-00C04F79EFBC}") = "Extensions.DependencyInjection", "Extensions\Extensions.DependencyInjection\Extensions.DependencyInjection.csproj", "{8E469476-1DB2-4A4B-BD74-079A678ADBCF}"
EndProject
Project("{FAE04EC0-301F-11D3-BF4B-00C04F79EFBC}") = "DistributedLocking.Abstractions", "Abstractions\DistributedLocking.Abstractions\DistributedLocking.Abstractions.csproj", "{E18FC300-0869-400A-B878-676CC93AE919}"
EndProject
Project("{2150E333-8FDC-42A3-9474-1A3956D46DE8}") = "Tests", "Tests", "{8A452AE4-2D76-4619-91EC-4DA17321DDFB}"
EndProject
Project("{2150E333-8FDC-42A3-9474-1A3956D46DE8}") = "Extensions", "Extensions", "{F5B68132-D691-47C7-B24F-7DDF35D603AF}"
EndProject
Project("{2150E333-8FDC-42A3-9474-1A3956D46DE8}") = "Extensions", "Extensions", "{9F7C88AE-B6A9-4EDB-95C9-B1214E466EA5}"
EndProject
Project("{2150E333-8FDC-42A3-9474-1A3956D46DE8}") = "Readme", "Readme", "{278E3F2F-1C4B-4DAF-A551-76604BB426DE}"
ProjectSection(SolutionItems) = preProject
	README.md = README.md
EndProjectSection
EndProject
Project("{FAE04EC0-301F-11D3-BF4B-00C04F79EFBC}") = "DistributedLocking.Abstractions.Repositories", "Abstractions\DistributedLocking.Abstractions.Repositories\DistributedLocking.Abstractions.Repositories.csproj", "{21653357-F5D1-4008-8047-E8C08DA4DDBE}"
EndProject
Project("{FAE04EC0-301F-11D3-BF4B-00C04F79EFBC}") = "DistributedLocking.Abstractions.Repositories.Migrations", "Abstractions\DistributedLocking.Abstractions.Repositories.Migrations\DistributedLocking.Abstractions.Repositories.Migrations.csproj", "{26B88A1D-AA79-4FE9-9E20-228251001078}"
EndProject
Project("{FAE04EC0-301F-11D3-BF4B-00C04F79EFBC}") = "Extensions", "Extensions\Extensions\Extensions.csproj", "{491BB3A5-55C2-4C1E-89D4-03458B8FFF00}"
EndProject
Project("{2150E333-8FDC-42A3-9474-1A3956D46DE8}") = "Abstractions", "Abstractions", "{282A6FEE-569A-4A43-BEBD-4C04C561F1F8}"
EndProject
Project("{FAE04EC0-301F-11D3-BF4B-00C04F79EFBC}") = "DistributedLocking.Repositories.SqlServer", "Repositories\SqlServer\DistributedLocking.Repositories.SqlServer\DistributedLocking.Repositories.SqlServer.csproj", "{3563887A-CB1E-4CFF-BFE4-0A65E6B6B17E}"
EndProject
Project("{FAE04EC0-301F-11D3-BF4B-00C04F79EFBC}") = "DistributedLocking.Repositories.SqlServer.Migrations", "Repositories\SqlServer\DistributedLocking.Repositories.SqlServer.Migrations\DistributedLocking.Repositories.SqlServer.Migrations.csproj", "{186B2786-3B14-4541-8805-E035DC343E64}"
EndProject
Project("{2150E333-8FDC-42A3-9474-1A3956D46DE8}") = "Repositories", "Repositories", "{B9E2DC75-4C44-4680-9BF3-A58ABA19DAF6}"
EndProject
Project("{2150E333-8FDC-42A3-9474-1A3956D46DE8}") = "SqlServer", "SqlServer", "{D2D146AB-0F1C-4EB0-9449-2B87DE5AE112}"
ProjectSection(SolutionItems) = preProject
	Repositories\SqlServer\README.MD = Repositories\SqlServer\README.MD
EndProjectSection
EndProject
Project("{2150E333-8FDC-42A3-9474-1A3956D46DE8}") = "Extensions", "Extensions", "{572B3B4B-9C19-4F46-8D7F-9C3E46E386FF}"
EndProject
Project("{FAE04EC0-301F-11D3-BF4B-00C04F79EFBC}") = "Extensions.SqlServer.DependencyInjection", "Repositories\SqlServer\Extensions\Extensions.SqlServer.DependencyInjection\Extensions.SqlServer.DependencyInjection.csproj", "{CAD9187F-18FC-4F26-B195-26822325C795}"
EndProject
Project("{2150E333-8FDC-42A3-9474-1A3956D46DE8}") = "Tests", "Tests", "{5CD1913C-286F-483B-886A-EE7DB32996C1}"
EndProject
Project("{FAE04EC0-301F-11D3-BF4B-00C04F79EFBC}") = "DistributedLocking.SqlServer.IntegrationTests", "Repositories\SqlServer\Tests\DistributedLocking.SqlServer.IntegrationTests\DistributedLocking.SqlServer.IntegrationTests.csproj", "{6390BF66-5687-42B9-9558-385E60BAE81A}"
EndProject
Project("{FAE04EC0-301F-11D3-BF4B-00C04F79EFBC}") = "DistributedLocking.SqlServer.UnitTests", "Repositories\SqlServer\Tests\DistributedLocking.SqlServer.UnitTests\DistributedLocking.SqlServer.UnitTests.csproj", "{8CEA1478-D31F-4F24-AC78-DD28C959E2F6}"
EndProject
Project("{2150E333-8FDC-42A3-9474-1A3956D46DE8}") = "Extensions", "Extensions", "{3BACA1AC-FFFD-46E3-94CA-B22616CFA257}"
EndProject
Project("{FAE04EC0-301F-11D3-BF4B-00C04F79EFBC}") = "Extensions.DependencyInjection.SqlServer.UnitTests", "Repositories\SqlServer\Tests\Extensions\Extensions.DependencyInjection.SqlServer.UnitTests\Extensions.DependencyInjection.SqlServer.UnitTests.csproj", "{6BC926F1-FC8C-4E84-B40F-1C83008ACF1E}"
EndProject
Project("{FAE04EC0-301F-11D3-BF4B-00C04F79EFBC}") = "Extensions.DependencyInjection.UnitTests", "Tests\Extensions\Extensions.DependencyInjection.UnitTests\Extensions.DependencyInjection.UnitTests.csproj", "{67ECA0B9-F618-4F2D-9305-FAB3C127536B}"
EndProject
Project("{2150E333-8FDC-42A3-9474-1A3956D46DE8}") = "Abstractions", "Abstractions", "{AF4ED8BF-F7A2-4147-BAAA-1082183D5EB3}"
EndProject
Project("{FAE04EC0-301F-11D3-BF4B-00C04F79EFBC}") = "DistributedLocking.Abstractions.UnitTests", "Tests\Abstractions\DistributedLocking.Abstractions.UnitTests\DistributedLocking.Abstractions.UnitTests.csproj", "{7B968A07-721B-4B51-A0B1-AE46B2315DD0}"
EndProject
Project("{FAE04EC0-301F-11D3-BF4B-00C04F79EFBC}") = "Extensions.UnitTests", "Tests\Extensions\Extensions.UnitTests\Extensions.UnitTests.csproj", "{5CAA4241-081A-4A06-A9AE-CDDD3CF9C9FF}"
EndProject
Project("{FAE04EC0-301F-11D3-BF4B-00C04F79EFBC}") = "DistributedLocking.Abstractions.Repositories.Migrations.UnitTests", "Tests\Abstractions\DistributedLocking.Abstractions.Repositories.Migrations.UnitTests\DistributedLocking.Abstractions.Repositories.Migrations.UnitTests.csproj", "{0B43710B-2A2A-41EE-BAC5-7D8E081DA1D6}"
EndProject
Project("{2150E333-8FDC-42A3-9474-1A3956D46DE8}") = "Migrations", "Migrations", "{493EE2D1-64C0-47FF-844A-75F47597153B}"
EndProject
Project("{FAE04EC0-301F-11D3-BF4B-00C04F79EFBC}") = "Repositories.Migrations.DbUp", "Repositories\Migrations\Repositories.Migrations.DbUp\Repositories.Migrations.DbUp.csproj", "{F9814E3F-DFCA-48CD-92A5-7D724492DC8A}"
EndProject
Project("{FAE04EC0-301F-11D3-BF4B-00C04F79EFBC}") = "Extensions.SqlServer.Migrations.DbUp", "Repositories\SqlServer\Extensions\Extensions.SqlServer.Migrations.DbUp\Extensions.SqlServer.Migrations.DbUp.csproj", "{8BFA5BCA-918A-49E7-BA81-A327EE850D76}"
EndProject
Project("{2150E333-8FDC-42A3-9474-1A3956D46DE8}") = "Samples", "Samples", "{3A5DE660-707A-4DAE-AE2E-E33C7E0491EC}"
EndProject
Project("{FAE04EC0-301F-11D3-BF4B-00C04F79EFBC}") = "DistributedLocking.Repositories.SqlServer.Samples", "Repositories\SqlServer\Samples\DistributedLocking.Repositories.SqlServer.Samples\DistributedLocking.Repositories.SqlServer.Samples.csproj", "{5E670BAE-057E-4CA0-B7D1-DBB257101A9E}"
EndProject
Global
	GlobalSection(SolutionConfigurationPlatforms) = preSolution
		Debug|Any CPU = Debug|Any CPU
		Release|Any CPU = Release|Any CPU
	EndGlobalSection
	GlobalSection(ProjectConfigurationPlatforms) = postSolution
		{1BE38475-AE96-453D-B9EB-3C0CECCA05E5}.Debug|Any CPU.ActiveCfg = Debug|Any CPU
		{1BE38475-AE96-453D-B9EB-3C0CECCA05E5}.Debug|Any CPU.Build.0 = Debug|Any CPU
		{1BE38475-AE96-453D-B9EB-3C0CECCA05E5}.Release|Any CPU.ActiveCfg = Release|Any CPU
		{1BE38475-AE96-453D-B9EB-3C0CECCA05E5}.Release|Any CPU.Build.0 = Release|Any CPU
		{AD99ECA2-FC27-4205-A0A6-B6BD17EDFDBC}.Debug|Any CPU.ActiveCfg = Debug|Any CPU
		{AD99ECA2-FC27-4205-A0A6-B6BD17EDFDBC}.Debug|Any CPU.Build.0 = Debug|Any CPU
		{AD99ECA2-FC27-4205-A0A6-B6BD17EDFDBC}.Release|Any CPU.ActiveCfg = Release|Any CPU
		{AD99ECA2-FC27-4205-A0A6-B6BD17EDFDBC}.Release|Any CPU.Build.0 = Release|Any CPU
		{0B8FFBA6-0703-4BF2-9297-BEFA57758FF4}.Debug|Any CPU.ActiveCfg = Debug|Any CPU
		{0B8FFBA6-0703-4BF2-9297-BEFA57758FF4}.Debug|Any CPU.Build.0 = Debug|Any CPU
		{0B8FFBA6-0703-4BF2-9297-BEFA57758FF4}.Release|Any CPU.ActiveCfg = Release|Any CPU
		{0B8FFBA6-0703-4BF2-9297-BEFA57758FF4}.Release|Any CPU.Build.0 = Release|Any CPU
		{8E469476-1DB2-4A4B-BD74-079A678ADBCF}.Debug|Any CPU.ActiveCfg = Debug|Any CPU
		{8E469476-1DB2-4A4B-BD74-079A678ADBCF}.Debug|Any CPU.Build.0 = Debug|Any CPU
		{8E469476-1DB2-4A4B-BD74-079A678ADBCF}.Release|Any CPU.ActiveCfg = Release|Any CPU
		{8E469476-1DB2-4A4B-BD74-079A678ADBCF}.Release|Any CPU.Build.0 = Release|Any CPU
		{E18FC300-0869-400A-B878-676CC93AE919}.Debug|Any CPU.ActiveCfg = Debug|Any CPU
		{E18FC300-0869-400A-B878-676CC93AE919}.Debug|Any CPU.Build.0 = Debug|Any CPU
		{E18FC300-0869-400A-B878-676CC93AE919}.Release|Any CPU.ActiveCfg = Release|Any CPU
		{E18FC300-0869-400A-B878-676CC93AE919}.Release|Any CPU.Build.0 = Release|Any CPU
		{21653357-F5D1-4008-8047-E8C08DA4DDBE}.Debug|Any CPU.ActiveCfg = Debug|Any CPU
		{21653357-F5D1-4008-8047-E8C08DA4DDBE}.Debug|Any CPU.Build.0 = Debug|Any CPU
		{21653357-F5D1-4008-8047-E8C08DA4DDBE}.Release|Any CPU.ActiveCfg = Release|Any CPU
		{21653357-F5D1-4008-8047-E8C08DA4DDBE}.Release|Any CPU.Build.0 = Release|Any CPU
		{26B88A1D-AA79-4FE9-9E20-228251001078}.Debug|Any CPU.ActiveCfg = Debug|Any CPU
		{26B88A1D-AA79-4FE9-9E20-228251001078}.Debug|Any CPU.Build.0 = Debug|Any CPU
		{26B88A1D-AA79-4FE9-9E20-228251001078}.Release|Any CPU.ActiveCfg = Release|Any CPU
		{26B88A1D-AA79-4FE9-9E20-228251001078}.Release|Any CPU.Build.0 = Release|Any CPU
		{491BB3A5-55C2-4C1E-89D4-03458B8FFF00}.Debug|Any CPU.ActiveCfg = Debug|Any CPU
		{491BB3A5-55C2-4C1E-89D4-03458B8FFF00}.Debug|Any CPU.Build.0 = Debug|Any CPU
		{491BB3A5-55C2-4C1E-89D4-03458B8FFF00}.Release|Any CPU.ActiveCfg = Release|Any CPU
		{491BB3A5-55C2-4C1E-89D4-03458B8FFF00}.Release|Any CPU.Build.0 = Release|Any CPU
		{3563887A-CB1E-4CFF-BFE4-0A65E6B6B17E}.Debug|Any CPU.ActiveCfg = Debug|Any CPU
		{3563887A-CB1E-4CFF-BFE4-0A65E6B6B17E}.Debug|Any CPU.Build.0 = Debug|Any CPU
		{3563887A-CB1E-4CFF-BFE4-0A65E6B6B17E}.Release|Any CPU.ActiveCfg = Release|Any CPU
		{3563887A-CB1E-4CFF-BFE4-0A65E6B6B17E}.Release|Any CPU.Build.0 = Release|Any CPU
		{186B2786-3B14-4541-8805-E035DC343E64}.Debug|Any CPU.ActiveCfg = Debug|Any CPU
		{186B2786-3B14-4541-8805-E035DC343E64}.Debug|Any CPU.Build.0 = Debug|Any CPU
		{186B2786-3B14-4541-8805-E035DC343E64}.Release|Any CPU.ActiveCfg = Release|Any CPU
		{186B2786-3B14-4541-8805-E035DC343E64}.Release|Any CPU.Build.0 = Release|Any CPU
		{CAD9187F-18FC-4F26-B195-26822325C795}.Debug|Any CPU.ActiveCfg = Debug|Any CPU
		{CAD9187F-18FC-4F26-B195-26822325C795}.Debug|Any CPU.Build.0 = Debug|Any CPU
		{CAD9187F-18FC-4F26-B195-26822325C795}.Release|Any CPU.ActiveCfg = Release|Any CPU
		{CAD9187F-18FC-4F26-B195-26822325C795}.Release|Any CPU.Build.0 = Release|Any CPU
		{6390BF66-5687-42B9-9558-385E60BAE81A}.Debug|Any CPU.ActiveCfg = Debug|Any CPU
		{6390BF66-5687-42B9-9558-385E60BAE81A}.Debug|Any CPU.Build.0 = Debug|Any CPU
		{6390BF66-5687-42B9-9558-385E60BAE81A}.Release|Any CPU.ActiveCfg = Release|Any CPU
		{6390BF66-5687-42B9-9558-385E60BAE81A}.Release|Any CPU.Build.0 = Release|Any CPU
		{8CEA1478-D31F-4F24-AC78-DD28C959E2F6}.Debug|Any CPU.ActiveCfg = Debug|Any CPU
		{8CEA1478-D31F-4F24-AC78-DD28C959E2F6}.Debug|Any CPU.Build.0 = Debug|Any CPU
		{8CEA1478-D31F-4F24-AC78-DD28C959E2F6}.Release|Any CPU.ActiveCfg = Release|Any CPU
		{8CEA1478-D31F-4F24-AC78-DD28C959E2F6}.Release|Any CPU.Build.0 = Release|Any CPU
		{6BC926F1-FC8C-4E84-B40F-1C83008ACF1E}.Debug|Any CPU.ActiveCfg = Debug|Any CPU
		{6BC926F1-FC8C-4E84-B40F-1C83008ACF1E}.Debug|Any CPU.Build.0 = Debug|Any CPU
		{6BC926F1-FC8C-4E84-B40F-1C83008ACF1E}.Release|Any CPU.ActiveCfg = Release|Any CPU
		{6BC926F1-FC8C-4E84-B40F-1C83008ACF1E}.Release|Any CPU.Build.0 = Release|Any CPU
		{67ECA0B9-F618-4F2D-9305-FAB3C127536B}.Debug|Any CPU.ActiveCfg = Debug|Any CPU
		{67ECA0B9-F618-4F2D-9305-FAB3C127536B}.Debug|Any CPU.Build.0 = Debug|Any CPU
		{67ECA0B9-F618-4F2D-9305-FAB3C127536B}.Release|Any CPU.ActiveCfg = Release|Any CPU
		{67ECA0B9-F618-4F2D-9305-FAB3C127536B}.Release|Any CPU.Build.0 = Release|Any CPU
		{7B968A07-721B-4B51-A0B1-AE46B2315DD0}.Debug|Any CPU.ActiveCfg = Debug|Any CPU
		{7B968A07-721B-4B51-A0B1-AE46B2315DD0}.Debug|Any CPU.Build.0 = Debug|Any CPU
		{7B968A07-721B-4B51-A0B1-AE46B2315DD0}.Release|Any CPU.ActiveCfg = Release|Any CPU
		{7B968A07-721B-4B51-A0B1-AE46B2315DD0}.Release|Any CPU.Build.0 = Release|Any CPU
		{5CAA4241-081A-4A06-A9AE-CDDD3CF9C9FF}.Debug|Any CPU.ActiveCfg = Debug|Any CPU
		{5CAA4241-081A-4A06-A9AE-CDDD3CF9C9FF}.Debug|Any CPU.Build.0 = Debug|Any CPU
		{5CAA4241-081A-4A06-A9AE-CDDD3CF9C9FF}.Release|Any CPU.ActiveCfg = Release|Any CPU
		{5CAA4241-081A-4A06-A9AE-CDDD3CF9C9FF}.Release|Any CPU.Build.0 = Release|Any CPU
		{0B43710B-2A2A-41EE-BAC5-7D8E081DA1D6}.Debug|Any CPU.ActiveCfg = Debug|Any CPU
		{0B43710B-2A2A-41EE-BAC5-7D8E081DA1D6}.Debug|Any CPU.Build.0 = Debug|Any CPU
		{0B43710B-2A2A-41EE-BAC5-7D8E081DA1D6}.Release|Any CPU.ActiveCfg = Release|Any CPU
		{0B43710B-2A2A-41EE-BAC5-7D8E081DA1D6}.Release|Any CPU.Build.0 = Release|Any CPU
		{F9814E3F-DFCA-48CD-92A5-7D724492DC8A}.Debug|Any CPU.ActiveCfg = Debug|Any CPU
		{F9814E3F-DFCA-48CD-92A5-7D724492DC8A}.Debug|Any CPU.Build.0 = Debug|Any CPU
		{F9814E3F-DFCA-48CD-92A5-7D724492DC8A}.Release|Any CPU.ActiveCfg = Release|Any CPU
		{F9814E3F-DFCA-48CD-92A5-7D724492DC8A}.Release|Any CPU.Build.0 = Release|Any CPU
		{8BFA5BCA-918A-49E7-BA81-A327EE850D76}.Debug|Any CPU.ActiveCfg = Debug|Any CPU
		{8BFA5BCA-918A-49E7-BA81-A327EE850D76}.Debug|Any CPU.Build.0 = Debug|Any CPU
		{8BFA5BCA-918A-49E7-BA81-A327EE850D76}.Release|Any CPU.ActiveCfg = Release|Any CPU
		{8BFA5BCA-918A-49E7-BA81-A327EE850D76}.Release|Any CPU.Build.0 = Release|Any CPU
		{5E670BAE-057E-4CA0-B7D1-DBB257101A9E}.Debug|Any CPU.ActiveCfg = Debug|Any CPU
		{5E670BAE-057E-4CA0-B7D1-DBB257101A9E}.Debug|Any CPU.Build.0 = Debug|Any CPU
		{5E670BAE-057E-4CA0-B7D1-DBB257101A9E}.Release|Any CPU.ActiveCfg = Release|Any CPU
		{5E670BAE-057E-4CA0-B7D1-DBB257101A9E}.Release|Any CPU.Build.0 = Release|Any CPU
	EndGlobalSection
	GlobalSection(NestedProjects) = preSolution
		{AD99ECA2-FC27-4205-A0A6-B6BD17EDFDBC} = {8A452AE4-2D76-4619-91EC-4DA17321DDFB}
		{0B8FFBA6-0703-4BF2-9297-BEFA57758FF4} = {8A452AE4-2D76-4619-91EC-4DA17321DDFB}
		{9F7C88AE-B6A9-4EDB-95C9-B1214E466EA5} = {8A452AE4-2D76-4619-91EC-4DA17321DDFB}
		{8E469476-1DB2-4A4B-BD74-079A678ADBCF} = {F5B68132-D691-47C7-B24F-7DDF35D603AF}
		{491BB3A5-55C2-4C1E-89D4-03458B8FFF00} = {F5B68132-D691-47C7-B24F-7DDF35D603AF}
		{E18FC300-0869-400A-B878-676CC93AE919} = {282A6FEE-569A-4A43-BEBD-4C04C561F1F8}
		{21653357-F5D1-4008-8047-E8C08DA4DDBE} = {282A6FEE-569A-4A43-BEBD-4C04C561F1F8}
		{26B88A1D-AA79-4FE9-9E20-228251001078} = {282A6FEE-569A-4A43-BEBD-4C04C561F1F8}
		{D2D146AB-0F1C-4EB0-9449-2B87DE5AE112} = {B9E2DC75-4C44-4680-9BF3-A58ABA19DAF6}
		{186B2786-3B14-4541-8805-E035DC343E64} = {D2D146AB-0F1C-4EB0-9449-2B87DE5AE112}
		{3563887A-CB1E-4CFF-BFE4-0A65E6B6B17E} = {D2D146AB-0F1C-4EB0-9449-2B87DE5AE112}
		{572B3B4B-9C19-4F46-8D7F-9C3E46E386FF} = {D2D146AB-0F1C-4EB0-9449-2B87DE5AE112}
		{CAD9187F-18FC-4F26-B195-26822325C795} = {572B3B4B-9C19-4F46-8D7F-9C3E46E386FF}
		{5CD1913C-286F-483B-886A-EE7DB32996C1} = {D2D146AB-0F1C-4EB0-9449-2B87DE5AE112}
		{6390BF66-5687-42B9-9558-385E60BAE81A} = {5CD1913C-286F-483B-886A-EE7DB32996C1}
		{8CEA1478-D31F-4F24-AC78-DD28C959E2F6} = {5CD1913C-286F-483B-886A-EE7DB32996C1}
		{3BACA1AC-FFFD-46E3-94CA-B22616CFA257} = {5CD1913C-286F-483B-886A-EE7DB32996C1}
		{6BC926F1-FC8C-4E84-B40F-1C83008ACF1E} = {3BACA1AC-FFFD-46E3-94CA-B22616CFA257}
		{67ECA0B9-F618-4F2D-9305-FAB3C127536B} = {9F7C88AE-B6A9-4EDB-95C9-B1214E466EA5}
		{AF4ED8BF-F7A2-4147-BAAA-1082183D5EB3} = {8A452AE4-2D76-4619-91EC-4DA17321DDFB}
		{7B968A07-721B-4B51-A0B1-AE46B2315DD0} = {AF4ED8BF-F7A2-4147-BAAA-1082183D5EB3}
		{5CAA4241-081A-4A06-A9AE-CDDD3CF9C9FF} = {9F7C88AE-B6A9-4EDB-95C9-B1214E466EA5}
		{0B43710B-2A2A-41EE-BAC5-7D8E081DA1D6} = {AF4ED8BF-F7A2-4147-BAAA-1082183D5EB3}
		{493EE2D1-64C0-47FF-844A-75F47597153B} = {B9E2DC75-4C44-4680-9BF3-A58ABA19DAF6}
		{F9814E3F-DFCA-48CD-92A5-7D724492DC8A} = {493EE2D1-64C0-47FF-844A-75F47597153B}
		{8BFA5BCA-918A-49E7-BA81-A327EE850D76} = {572B3B4B-9C19-4F46-8D7F-9C3E46E386FF}
		{3A5DE660-707A-4DAE-AE2E-E33C7E0491EC} = {D2D146AB-0F1C-4EB0-9449-2B87DE5AE112}
		{5E670BAE-057E-4CA0-B7D1-DBB257101A9E} = {3A5DE660-707A-4DAE-AE2E-E33C7E0491EC}
	EndGlobalSection
EndGlobal
