
Microsoft Visual Studio Solution File, Format Version 12.00
Project("{FAE04EC0-301F-11D3-BF4B-00C04F79EFBC}") = "DistributedLocking", "DistributedLocking\DistributedLocking.csproj", "{1BE38475-AE96-453D-B9EB-3C0CECCA05E5}"
EndProject
Project("{FAE04EC0-301F-11D3-BF4B-00C04F79EFBC}") = "DistributedLocking.UnitTests", "DistributedLocking.UnitTests\DistributedLocking.UnitTests.csproj", "{AD99ECA2-FC27-4205-A0A6-B6BD17EDFDBC}"
EndProject
Project("{FAE04EC0-301F-11D3-BF4B-00C04F79EFBC}") = "DistributedLocking.SqlServer", "DistributedLocking.SqlServer\DistributedLocking.SqlServer.csproj", "{9394FB25-8E6E-48F7-B9B1-C7025DCD32FC}"
EndProject
Project("{FAE04EC0-301F-11D3-BF4B-00C04F79EFBC}") = "DistributedLocking.SqlServer.IntegrationTests", "DistributedLocking.SqlServer.IntegrationTests\DistributedLocking.SqlServer.IntegrationTests.csproj", "{C5EF780B-3C1A-4650-A9F2-334BDB7EBE45}"
EndProject
Project("{FAE04EC0-301F-11D3-BF4B-00C04F79EFBC}") = "TestHelpers", "TestHelpers\TestHelpers.csproj", "{0B8FFBA6-0703-4BF2-9297-BEFA57758FF4}"
EndProject
Global
	GlobalSection(SolutionConfigurationPlatforms) = preSolution
		Debug|Any CPU = Debug|Any CPU
		Release|Any CPU = Release|Any CPU
	EndGlobalSection
	GlobalSection(ProjectConfigurationPlatforms) = postSolution
		{1BE38475-AE96-453D-B9EB-3C0CECCA05E5}.Debug|Any CPU.ActiveCfg = Debug|Any CPU
		{1BE38475-AE96-453D-B9EB-3C0CECCA05E5}.Debug|Any CPU.Build.0 = Debug|Any CPU
		{1BE38475-AE96-453D-B9EB-3C0CECCA05E5}.Release|Any CPU.ActiveCfg = Release|Any CPU
		{1BE38475-AE96-453D-B9EB-3C0CECCA05E5}.Release|Any CPU.Build.0 = Release|Any CPU
		{AD99ECA2-FC27-4205-A0A6-B6BD17EDFDBC}.Debug|Any CPU.ActiveCfg = Debug|Any CPU
		{AD99ECA2-FC27-4205-A0A6-B6BD17EDFDBC}.Debug|Any CPU.Build.0 = Debug|Any CPU
		{AD99ECA2-FC27-4205-A0A6-B6BD17EDFDBC}.Release|Any CPU.ActiveCfg = Release|Any CPU
		{AD99ECA2-FC27-4205-A0A6-B6BD17EDFDBC}.Release|Any CPU.Build.0 = Release|Any CPU
		{9394FB25-8E6E-48F7-B9B1-C7025DCD32FC}.Debug|Any CPU.ActiveCfg = Debug|Any CPU
		{9394FB25-8E6E-48F7-B9B1-C7025DCD32FC}.Debug|Any CPU.Build.0 = Debug|Any CPU
		{9394FB25-8E6E-48F7-B9B1-C7025DCD32FC}.Release|Any CPU.ActiveCfg = Release|Any CPU
		{9394FB25-8E6E-48F7-B9B1-C7025DCD32FC}.Release|Any CPU.Build.0 = Release|Any CPU
		{C5EF780B-3C1A-4650-A9F2-334BDB7EBE45}.Debug|Any CPU.ActiveCfg = Debug|Any CPU
		{C5EF780B-3C1A-4650-A9F2-334BDB7EBE45}.Debug|Any CPU.Build.0 = Debug|Any CPU
		{C5EF780B-3C1A-4650-A9F2-334BDB7EBE45}.Release|Any CPU.ActiveCfg = Release|Any CPU
		{C5EF780B-3C1A-4650-A9F2-334BDB7EBE45}.Release|Any CPU.Build.0 = Release|Any CPU
		{0B8FFBA6-0703-4BF2-9297-BEFA57758FF4}.Debug|Any CPU.ActiveCfg = Debug|Any CPU
		{0B8FFBA6-0703-4BF2-9297-BEFA57758FF4}.Debug|Any CPU.Build.0 = Debug|Any CPU
		{0B8FFBA6-0703-4BF2-9297-BEFA57758FF4}.Release|Any CPU.ActiveCfg = Release|Any CPU
		{0B8FFBA6-0703-4BF2-9297-BEFA57758FF4}.Release|Any CPU.Build.0 = Release|Any CPU
	EndGlobalSection
EndGlobal
