
Microsoft Visual Studio Solution File, Format Version 12.00
Project("{FAE04EC0-301F-11D3-BF4B-00C04F79EFBC}") = "DistributedLocking", "DistributedLocking\DistributedLocking.csproj", "{1BE38475-AE96-453D-B9EB-3C0CECCA05E5}"
EndProject
Project("{FAE04EC0-301F-11D3-BF4B-00C04F79EFBC}") = "DistributedLocking.UnitTests", "DistributedLocking.UnitTests\DistributedLocking.UnitTests.csproj", "{AD99ECA2-FC27-4205-A0A6-B6BD17EDFDBC}"
EndProject
Global
	GlobalSection(SolutionConfigurationPlatforms) = preSolution
		Debug|Any CPU = Debug|Any CPU
		Release|Any CPU = Release|Any CPU
	EndGlobalSection
	GlobalSection(ProjectConfigurationPlatforms) = postSolution
		{1BE38475-AE96-453D-B9EB-3C0CECCA05E5}.Debug|Any CPU.ActiveCfg = Debug|Any CPU
		{1BE38475-AE96-453D-B9EB-3C0CECCA05E5}.Debug|Any CPU.Build.0 = Debug|Any CPU
		{1BE38475-AE96-453D-B9EB-3C0CECCA05E5}.Release|Any CPU.ActiveCfg = Release|Any CPU
		{1BE38475-AE96-453D-B9EB-3C0CECCA05E5}.Release|Any CPU.Build.0 = Release|Any CPU
		{AD99ECA2-FC27-4205-A0A6-B6BD17EDFDBC}.Debug|Any CPU.ActiveCfg = Debug|Any CPU
		{AD99ECA2-FC27-4205-A0A6-B6BD17EDFDBC}.Debug|Any CPU.Build.0 = Debug|Any CPU
		{AD99ECA2-FC27-4205-A0A6-B6BD17EDFDBC}.Release|Any CPU.ActiveCfg = Release|Any CPU
		{AD99ECA2-FC27-4205-A0A6-B6BD17EDFDBC}.Release|Any CPU.Build.0 = Release|Any CPU
	EndGlobalSection
EndGlobal
